langcode: en
status: true
dependencies:
  module:
    - collection
    - system
    - user
  theme:
    - joinup_theme
id: joinup_theme_joincollectionblock
theme: joinup_theme
region: sidebar_left
weight: -5
provider: null
plugin: join_collection_block
settings:
  id: join_collection_block
  label: 'Join collection block'
  provider: collection
  label_display: '0'
  submit: null
  collection_id: ''
visibility:
  request_path:
    id: request_path
    pages: '/rdf_entity/*/leave'
    negate: true
    context_mapping: {  }
  user_role:
    id: user_role
    roles:
      authenticated: authenticated
    negate: false
    context_mapping:
      user: '@user.current_user_context:current_user'
  collection:
    id: collection
    collections: true
    negate: false
    context_mapping:
      collection: '@collection.collection_route_context:collection'
